
Microsoft Visual Studio Solution File, Format Version 12.00
# Visual Studio Version 17
VisualStudioVersion = 17.3.32929.385
MinimumVisualStudioVersion = 10.0.40219.1
Project("{2150E333-8FDC-42A3-9474-1A3956D46DE8}") = "Services", "Services", "{FBD2541A-7969-4347-90D2-752FA5AC24AB}"
EndProject
Project("{2150E333-8FDC-42A3-9474-1A3956D46DE8}") = "Catalog", "Catalog", "{1939ABA5-1B8D-49A9-8DAD-6C2F9B80A534}"
EndProject
Project("{9A19103F-16F7-4668-BE54-9A1E7A4F7556}") = "Catalog.API", "Services\Catalog\Catalog.API\Catalog.API.csproj", "{04C5BEA3-C4F2-4E4E-991F-64D341787313}"
EndProject
Project("{9A19103F-16F7-4668-BE54-9A1E7A4F7556}") = "Basket.API", "Services\Basket\Basket.API\Basket.API.csproj", "{8D4BCDF3-0C8E-4D1D-A193-A26A3E70BF38}"
EndProject
Project("{2150E333-8FDC-42A3-9474-1A3956D46DE8}") = "Basket", "Basket", "{BE701B58-CB3D-46A8-BA25-96A5D16FDEE6}"
EndProject
Project("{2150E333-8FDC-42A3-9474-1A3956D46DE8}") = "Docker", "Docker", "{CA224AE8-3658-45B8-8813-617E97CC2AF1}"
	ProjectSection(SolutionItems) = preProject
		docker-compose.override.yml = docker-compose.override.yml
		docker-compose.yml = docker-compose.yml
	EndProjectSection
EndProject
Project("{2150E333-8FDC-42A3-9474-1A3956D46DE8}") = "Discount", "Discount", "{87625819-344E-48D7-AABA-59A8AE020BD3}"
EndProject
Project("{9A19103F-16F7-4668-BE54-9A1E7A4F7556}") = "Discount.API", "Services\Discount\Discount.API\Discount.API.csproj", "{0E4A27E3-623E-4E17-B434-4CA72C9EABE6}"
EndProject
Project("{9A19103F-16F7-4668-BE54-9A1E7A4F7556}") = "Discount.Grpc", "Services\Discount\Discount.Grpc\Discount.Grpc.csproj", "{8C642B59-54F6-445E-A407-1D7B836CC74B}"
EndProject
Project("{2150E333-8FDC-42A3-9474-1A3956D46DE8}") = "Ordering", "Ordering", "{9A828349-E848-47B8-8316-D1DC9CFAB8AD}"
EndProject
Project("{9A19103F-16F7-4668-BE54-9A1E7A4F7556}") = "Ordering.API", "Services\Ordering\Ordering.API\Ordering.API.csproj", "{DF6984FD-3E93-4DDE-ABD5-D939F6F43F27}"
EndProject
Project("{9A19103F-16F7-4668-BE54-9A1E7A4F7556}") = "Ordering.Domain", "Services\Ordering\Ordering.Domain\Ordering.Domain.csproj", "{FF8F26DA-6B64-43ED-83F3-BA2BFE39FF4F}"
EndProject
Project("{9A19103F-16F7-4668-BE54-9A1E7A4F7556}") = "Ordering.Application", "Services\Ordering\Ordering.Application\Ordering.Application.csproj", "{A6D48D50-80ED-4AB1-A2E3-AEABC70C4B2B}"
EndProject
Project("{9A19103F-16F7-4668-BE54-9A1E7A4F7556}") = "Ordering.Infrastructure", "Services\Ordering\Ordering.Infrastructure\Ordering.Infrastructure.csproj", "{0B1E7FC9-4A50-4E1D-95BF-5CA5ABACEEB3}"
EndProject
Project("{2150E333-8FDC-42A3-9474-1A3956D46DE8}") = "BuildingBlocks", "BuildingBlocks", "{6154A626-4943-464C-BD72-B20EC660F2D9}"
EndProject
Project("{9A19103F-16F7-4668-BE54-9A1E7A4F7556}") = "EventBus.Messages", "BuildingBlocks\EventBus.Messages\EventBus.Messages.csproj", "{C9663575-1520-41B3-B1F7-CC0D5ACA3FE0}"
EndProject
Project("{9A19103F-16F7-4668-BE54-9A1E7A4F7556}") = "Ordering.ApplyMigration", "Services\Ordering\Ordering.ApplyMigration\Ordering.ApplyMigration.csproj", "{60416C9A-DE00-4D31-9EC7-235EB15E996B}"
EndProject
Project("{2150E333-8FDC-42A3-9474-1A3956D46DE8}") = "ApiGateways", "ApiGateways", "{048B27C5-647F-4252-B329-22C0AB72B41F}"
EndProject
Project("{9A19103F-16F7-4668-BE54-9A1E7A4F7556}") = "OcelotApiGw", "ApiGateways\OcelotApiGw\OcelotApiGw.csproj", "{8E17069A-16D0-4416-B5B9-7EF8F69F84E4}"
EndProject
Global
	GlobalSection(SolutionConfigurationPlatforms) = preSolution
		Debug|Any CPU = Debug|Any CPU
		Release|Any CPU = Release|Any CPU
	EndGlobalSection
	GlobalSection(ProjectConfigurationPlatforms) = postSolution
		{04C5BEA3-C4F2-4E4E-991F-64D341787313}.Debug|Any CPU.ActiveCfg = Debug|Any CPU
		{04C5BEA3-C4F2-4E4E-991F-64D341787313}.Debug|Any CPU.Build.0 = Debug|Any CPU
		{04C5BEA3-C4F2-4E4E-991F-64D341787313}.Debug|Any CPU.Deploy.0 = Debug|Any CPU
		{04C5BEA3-C4F2-4E4E-991F-64D341787313}.Release|Any CPU.ActiveCfg = Release|Any CPU
		{04C5BEA3-C4F2-4E4E-991F-64D341787313}.Release|Any CPU.Build.0 = Release|Any CPU
		{8D4BCDF3-0C8E-4D1D-A193-A26A3E70BF38}.Debug|Any CPU.ActiveCfg = Debug|Any CPU
		{8D4BCDF3-0C8E-4D1D-A193-A26A3E70BF38}.Debug|Any CPU.Build.0 = Debug|Any CPU
		{8D4BCDF3-0C8E-4D1D-A193-A26A3E70BF38}.Release|Any CPU.ActiveCfg = Release|Any CPU
		{8D4BCDF3-0C8E-4D1D-A193-A26A3E70BF38}.Release|Any CPU.Build.0 = Release|Any CPU
		{0E4A27E3-623E-4E17-B434-4CA72C9EABE6}.Debug|Any CPU.ActiveCfg = Debug|Any CPU
		{0E4A27E3-623E-4E17-B434-4CA72C9EABE6}.Debug|Any CPU.Build.0 = Debug|Any CPU
		{0E4A27E3-623E-4E17-B434-4CA72C9EABE6}.Release|Any CPU.ActiveCfg = Release|Any CPU
		{0E4A27E3-623E-4E17-B434-4CA72C9EABE6}.Release|Any CPU.Build.0 = Release|Any CPU
		{8C642B59-54F6-445E-A407-1D7B836CC74B}.Debug|Any CPU.ActiveCfg = Debug|Any CPU
		{8C642B59-54F6-445E-A407-1D7B836CC74B}.Debug|Any CPU.Build.0 = Debug|Any CPU
		{8C642B59-54F6-445E-A407-1D7B836CC74B}.Release|Any CPU.ActiveCfg = Release|Any CPU
		{8C642B59-54F6-445E-A407-1D7B836CC74B}.Release|Any CPU.Build.0 = Release|Any CPU
		{DF6984FD-3E93-4DDE-ABD5-D939F6F43F27}.Debug|Any CPU.ActiveCfg = Debug|Any CPU
		{DF6984FD-3E93-4DDE-ABD5-D939F6F43F27}.Debug|Any CPU.Build.0 = Debug|Any CPU
		{DF6984FD-3E93-4DDE-ABD5-D939F6F43F27}.Release|Any CPU.ActiveCfg = Release|Any CPU
		{DF6984FD-3E93-4DDE-ABD5-D939F6F43F27}.Release|Any CPU.Build.0 = Release|Any CPU
		{FF8F26DA-6B64-43ED-83F3-BA2BFE39FF4F}.Debug|Any CPU.ActiveCfg = Debug|Any CPU
		{FF8F26DA-6B64-43ED-83F3-BA2BFE39FF4F}.Debug|Any CPU.Build.0 = Debug|Any CPU
		{FF8F26DA-6B64-43ED-83F3-BA2BFE39FF4F}.Release|Any CPU.ActiveCfg = Release|Any CPU
		{FF8F26DA-6B64-43ED-83F3-BA2BFE39FF4F}.Release|Any CPU.Build.0 = Release|Any CPU
		{A6D48D50-80ED-4AB1-A2E3-AEABC70C4B2B}.Debug|Any CPU.ActiveCfg = Debug|Any CPU
		{A6D48D50-80ED-4AB1-A2E3-AEABC70C4B2B}.Debug|Any CPU.Build.0 = Debug|Any CPU
		{A6D48D50-80ED-4AB1-A2E3-AEABC70C4B2B}.Release|Any CPU.ActiveCfg = Release|Any CPU
		{A6D48D50-80ED-4AB1-A2E3-AEABC70C4B2B}.Release|Any CPU.Build.0 = Release|Any CPU
		{0B1E7FC9-4A50-4E1D-95BF-5CA5ABACEEB3}.Debug|Any CPU.ActiveCfg = Debug|Any CPU
		{0B1E7FC9-4A50-4E1D-95BF-5CA5ABACEEB3}.Debug|Any CPU.Build.0 = Debug|Any CPU
		{0B1E7FC9-4A50-4E1D-95BF-5CA5ABACEEB3}.Release|Any CPU.ActiveCfg = Release|Any CPU
		{0B1E7FC9-4A50-4E1D-95BF-5CA5ABACEEB3}.Release|Any CPU.Build.0 = Release|Any CPU
		{C9663575-1520-41B3-B1F7-CC0D5ACA3FE0}.Debug|Any CPU.ActiveCfg = Debug|Any CPU
		{C9663575-1520-41B3-B1F7-CC0D5ACA3FE0}.Debug|Any CPU.Build.0 = Debug|Any CPU
		{C9663575-1520-41B3-B1F7-CC0D5ACA3FE0}.Release|Any CPU.ActiveCfg = Release|Any CPU
		{C9663575-1520-41B3-B1F7-CC0D5ACA3FE0}.Release|Any CPU.Build.0 = Release|Any CPU
		{60416C9A-DE00-4D31-9EC7-235EB15E996B}.Debug|Any CPU.ActiveCfg = Debug|Any CPU
		{60416C9A-DE00-4D31-9EC7-235EB15E996B}.Debug|Any CPU.Build.0 = Debug|Any CPU
		{60416C9A-DE00-4D31-9EC7-235EB15E996B}.Release|Any CPU.ActiveCfg = Release|Any CPU
		{60416C9A-DE00-4D31-9EC7-235EB15E996B}.Release|Any CPU.Build.0 = Release|Any CPU
		{8E17069A-16D0-4416-B5B9-7EF8F69F84E4}.Debug|Any CPU.ActiveCfg = Debug|Any CPU
		{8E17069A-16D0-4416-B5B9-7EF8F69F84E4}.Debug|Any CPU.Build.0 = Debug|Any CPU
		{8E17069A-16D0-4416-B5B9-7EF8F69F84E4}.Release|Any CPU.ActiveCfg = Release|Any CPU
		{8E17069A-16D0-4416-B5B9-7EF8F69F84E4}.Release|Any CPU.Build.0 = Release|Any CPU
	EndGlobalSection
	GlobalSection(SolutionProperties) = preSolution
		HideSolutionNode = FALSE
	EndGlobalSection
	GlobalSection(NestedProjects) = preSolution
		{1939ABA5-1B8D-49A9-8DAD-6C2F9B80A534} = {FBD2541A-7969-4347-90D2-752FA5AC24AB}
		{04C5BEA3-C4F2-4E4E-991F-64D341787313} = {1939ABA5-1B8D-49A9-8DAD-6C2F9B80A534}
		{8D4BCDF3-0C8E-4D1D-A193-A26A3E70BF38} = {BE701B58-CB3D-46A8-BA25-96A5D16FDEE6}
		{BE701B58-CB3D-46A8-BA25-96A5D16FDEE6} = {FBD2541A-7969-4347-90D2-752FA5AC24AB}
		{87625819-344E-48D7-AABA-59A8AE020BD3} = {FBD2541A-7969-4347-90D2-752FA5AC24AB}
		{0E4A27E3-623E-4E17-B434-4CA72C9EABE6} = {87625819-344E-48D7-AABA-59A8AE020BD3}
		{8C642B59-54F6-445E-A407-1D7B836CC74B} = {87625819-344E-48D7-AABA-59A8AE020BD3}
		{9A828349-E848-47B8-8316-D1DC9CFAB8AD} = {FBD2541A-7969-4347-90D2-752FA5AC24AB}
		{DF6984FD-3E93-4DDE-ABD5-D939F6F43F27} = {9A828349-E848-47B8-8316-D1DC9CFAB8AD}
		{FF8F26DA-6B64-43ED-83F3-BA2BFE39FF4F} = {9A828349-E848-47B8-8316-D1DC9CFAB8AD}
		{A6D48D50-80ED-4AB1-A2E3-AEABC70C4B2B} = {9A828349-E848-47B8-8316-D1DC9CFAB8AD}
		{0B1E7FC9-4A50-4E1D-95BF-5CA5ABACEEB3} = {9A828349-E848-47B8-8316-D1DC9CFAB8AD}
		{C9663575-1520-41B3-B1F7-CC0D5ACA3FE0} = {6154A626-4943-464C-BD72-B20EC660F2D9}
		{60416C9A-DE00-4D31-9EC7-235EB15E996B} = {9A828349-E848-47B8-8316-D1DC9CFAB8AD}
		{8E17069A-16D0-4416-B5B9-7EF8F69F84E4} = {048B27C5-647F-4252-B329-22C0AB72B41F}
	EndGlobalSection
	GlobalSection(ExtensibilityGlobals) = postSolution
		SolutionGuid = {3D6F85F4-F40A-4881-9157-8660D29C79C2}
	EndGlobalSection
EndGlobal
